[[package]]
category = "dev"
description = "Atomic file writes."
name = "atomicwrites"
optional = false
python-versions = ">=2.7, !=3.0.*, !=3.1.*, !=3.2.*, !=3.3.*"
version = "1.3.0"

[[package]]
category = "dev"
description = "Classes Without Boilerplate"
name = "attrs"
optional = false
python-versions = ">=2.7, !=3.0.*, !=3.1.*, !=3.2.*, !=3.3.*"
version = "19.3.0"

[package.extras]
azure-pipelines = ["coverage", "hypothesis", "pympler", "pytest (>=4.3.0)", "six", "zope.interface", "pytest-azurepipelines"]
dev = ["coverage", "hypothesis", "pympler", "pytest (>=4.3.0)", "six", "zope.interface", "sphinx", "pre-commit"]
docs = ["sphinx", "zope.interface"]
tests = ["coverage", "hypothesis", "pympler", "pytest (>=4.3.0)", "six", "zope.interface"]

[[package]]
category = "main"
description = "Boolean operations on paths."
name = "booleanoperations"
optional = false
python-versions = ">=3.6"
version = "0.9.0"

[package.dependencies]
fonttools = ">=4.0.2"
pyclipper = ">=1.1.0.post1"

[[package]]
category = "dev"
description = "Cross-platform colored terminal text."
marker = "sys_platform == \"win32\""
name = "colorama"
optional = false
python-versions = ">=2.7, !=3.0.*, !=3.1.*, !=3.2.*, !=3.3.*, !=3.4.*"
version = "0.4.3"

[[package]]
category = "main"
description = "A set of flexible objects for representing UFO data."
name = "defcon"
optional = false
python-versions = "*"
version = "0.6.0"

[package.dependencies]
[package.dependencies.fonttools]
extras = ["ufo", "unicode"]
version = ">=3.31.0"

[package.extras]
lxml = ["fonttools (>=3.31.0)"]
pens = ["fontPens (>=0.1.0)"]

[[package]]
category = "main"
description = "A collection of classes implementing the pen protocol for manipulating glyphs."
name = "fontpens"
optional = false
python-versions = "*"
version = "0.2.4"

[package.dependencies]
FontTools = ">=3.32.0"

[[package]]
category = "main"
description = "Tools to manipulate font files"
name = "fonttools"
optional = false
python-versions = ">=3.6"
version = "4.7.0"

[package.extras]
all = ["fs (>=2.2.0,<3)", "lxml (>=4.0,<5)", "zopfli (>=0.1.4)", "lz4 (>=1.7.4.2)", "matplotlib", "sympy", "brotli (>=1.0.1)", "scipy", "brotlipy (>=0.7.0)", "munkres", "unicodedata2 (>=13.0.0)", "xattr"]
graphite = ["lz4 (>=1.7.4.2)"]
interpolatable = ["scipy", "munkres"]
lxml = ["lxml (>=4.0,<5)"]
plot = ["matplotlib"]
symfont = ["sympy"]
type1 = ["xattr"]
ufo = ["fs (>=2.2.0,<3)"]
unicode = ["unicodedata2 (>=13.0.0)"]
woff = ["zopfli (>=0.1.4)", "brotli (>=1.0.1)", "brotlipy (>=0.7.0)"]

[[package]]
category = "main"
description = "Freetype python bindings"
name = "freetype-py"
optional = false
python-versions = "*"
version = "2.1.0.post1"

[[package]]
category = "dev"
description = "Read metadata from Python packages"
marker = "python_version < \"3.8\""
name = "importlib-metadata"
optional = false
python-versions = "!=3.0.*,!=3.1.*,!=3.2.*,!=3.3.*,!=3.4.*,>=2.7"
version = "1.6.0"

[package.dependencies]
zipp = ">=0.5"

[package.extras]
docs = ["sphinx", "rst.linker"]
testing = ["packaging", "importlib-resources"]

[[package]]
category = "dev"
description = "More routines for operating on iterables, beyond itertools"
name = "more-itertools"
optional = false
python-versions = ">=3.5"
version = "8.2.0"

[[package]]
category = "main"
description = "Perlin noise for Python"
name = "noise"
optional = false
python-versions = "*"
version = "1.2.2"

[[package]]
category = "main"
description = "File system general utilities"
name = "pathtools"
optional = false
python-versions = "*"
version = "0.1.2"

[[package]]
category = "dev"
description = "plugin and hook calling mechanisms for python"
name = "pluggy"
optional = false
python-versions = ">=2.7, !=3.0.*, !=3.1.*, !=3.2.*, !=3.3.*"
version = "0.13.1"

[package.dependencies]
[package.dependencies.importlib-metadata]
python = "<3.8"
version = ">=0.12"

[package.extras]
dev = ["pre-commit", "tox"]

[[package]]
category = "dev"
description = "library with cross-python path, ini-parsing, io, code, log facilities"
name = "py"
optional = false
python-versions = ">=2.7, !=3.0.*, !=3.1.*, !=3.2.*, !=3.3.*"
version = "1.8.1"

[[package]]
category = "main"
description = "Cython wrapper for the C++ translation of the Angus Johnson's Clipper library (ver. 6.4.2)"
name = "pyclipper"
optional = false
python-versions = "*"
version = "1.1.0.post3"

[[package]]
category = "dev"
description = "pytest: simple powerful testing with Python"
name = "pytest"
optional = false
python-versions = ">=2.7, !=3.0.*, !=3.1.*, !=3.2.*, !=3.3.*"
version = "3.10.1"

[package.dependencies]
atomicwrites = ">=1.0"
attrs = ">=17.4.0"
colorama = "*"
more-itertools = ">=4.0.0"
pluggy = ">=0.7"
py = ">=1.5.0"
setuptools = "*"
six = ">=1.10.0"

[[package]]
category = "dev"
description = "Python 2 and 3 compatibility utilities"
name = "six"
optional = false
python-versions = ">=2.7, !=3.0.*, !=3.1.*, !=3.2.*"
version = "1.14.0"

[[package]]
category = "main"
description = "Python access to operations on paths using the Skia library"
name = "skia-pathops"
optional = false
python-versions = ">=3.6"
version = "0.4.0"

[package.extras]
testing = ["pytest", "coverage", "pytest-xdist", "pytest-randomly", "pytest-cython"]

[[package]]
category = "main"
description = "Streamlined Cython bindings for the harfbuzz shaping engine"
name = "uharfbuzz"
optional = false
python-versions = ">=3.5"
version = "0.9.1"

[[package]]
category = "main"
description = "Unicodedata backport for Python 2/3 updated to the latest Unicode version."
name = "unicodedata2"
optional = false
python-versions = "*"
version = "13.0.0.post2"

[[package]]
category = "main"
description = "Filesystem events monitoring"
name = "watchdog"
optional = false
python-versions = "*"
version = "0.10.2"

[package.dependencies]
pathtools = ">=0.1.1"

[package.extras]
watchmedo = ["PyYAML (>=3.10)", "argh (>=0.24.1)"]

[[package]]
category = "main"
description = "An implementation of the WebSocket Protocol (RFC 6455 & 7692)"
name = "websockets"
optional = false
python-versions = ">=3.6.1"
version = "8.1"

[[package]]
category = "dev"
description = "Backport of pathlib-compatible object wrapper for zip files"
marker = "python_version < \"3.8\""
name = "zipp"
optional = false
python-versions = ">=3.6"
version = "3.1.0"

[package.extras]
docs = ["sphinx", "jaraco.packaging (>=3.2)", "rst.linker (>=1.9)"]
testing = ["jaraco.itertools", "func-timeout"]

[metadata]
content-hash = "24a7946ec4ed1faa4514137bd683993d15e088cb5af110df145cd6459e7d7bda"
python-versions = ">=3.6.8"

[metadata.files]
atomicwrites = [
    {file = "atomicwrites-1.3.0-py2.py3-none-any.whl", hash = "sha256:03472c30eb2c5d1ba9227e4c2ca66ab8287fbfbbda3888aa93dc2e28fc6811b4"},
    {file = "atomicwrites-1.3.0.tar.gz", hash = "sha256:75a9445bac02d8d058d5e1fe689654ba5a6556a1dfd8ce6ec55a0ed79866cfa6"},
]
attrs = [
    {file = "attrs-19.3.0-py2.py3-none-any.whl", hash = "sha256:08a96c641c3a74e44eb59afb61a24f2cb9f4d7188748e76ba4bb5edfa3cb7d1c"},
    {file = "attrs-19.3.0.tar.gz", hash = "sha256:f7b7ce16570fe9965acd6d30101a28f62fb4a7f9e926b3bbc9b61f8b04247e72"},
]
booleanoperations = [
    {file = "booleanOperations-0.9.0-py3-none-any.whl", hash = "sha256:86c291c2fba9faedff6f007c932d7f242dd9b4304e9c6ca8149f864d07877a59"},
    {file = "booleanOperations-0.9.0.zip", hash = "sha256:8cfa821c32ad374fa120d6b2e0b444ebeac57c91e6631528645fa19ac2a281b8"},
]
colorama = [
    {file = "colorama-0.4.3-py2.py3-none-any.whl", hash = "sha256:7d73d2a99753107a36ac6b455ee49046802e59d9d076ef8e47b61499fa29afff"},
    {file = "colorama-0.4.3.tar.gz", hash = "sha256:e96da0d330793e2cb9485e9ddfd918d456036c7149416295932478192f4436a1"},
]
defcon = [
    {file = "defcon-0.6.0-py2.py3-none-any.whl", hash = "sha256:e057303d188f1a0961a0c70eebdedceac7fe11e6cd30421324bb7ee33cfcd614"},
    {file = "defcon-0.6.0.zip", hash = "sha256:52e461961b4b68ae6883f8a14a0d82f2d09f2de7a526b95c7d1b195c10ca745f"},
]
fontpens = [
    {file = "fontPens-0.2.4-py2.py3-none-any.whl", hash = "sha256:cdef727e49b54ac6228f8fa087ee539258f7b0a6f0accb63cbf31d4bfc437ce7"},
    {file = "fontPens-0.2.4.zip", hash = "sha256:a6d9a14573b3450f3313d69523f9006028c21fc7aef5d35333b87aab7f2b41fd"},
]
fonttools = [
    {file = "fonttools-4.7.0-py3-none-any.whl", hash = "sha256:454db99e20e6cafb7ed3e30b15c9daf2d46c4370a800c1a6db11ba3eb3b43116"},
    {file = "fonttools-4.7.0.zip", hash = "sha256:ce977f10f070752301e2d49ed822cfc860c881046d81c376fade1e6529b2046c"},
]
freetype-py = [
    {file = "freetype-py-2.1.0.post1.tar.gz", hash = "sha256:76383bb3e59efa6ce0be1797ed70207d7d1e421611df3aceb269673c4a77c2cc"},
    {file = "freetype_py-2.1.0.post1-py2.py3-none-any.whl", hash = "sha256:0f14ffc1715e3d0f01e7c9d07980b10b7143595d9322bb6da3fc74db5251fa8c"},
    {file = "freetype_py-2.1.0.post1-py2.py3-none-macosx_10_6_intel.macosx_10_9_intel.macosx_10_9_x86_64.macosx_10_10_intel.macosx_10_10_x86_64.whl", hash = "sha256:2fa866dd3d8beb73d03f0cf6b7cc51d0cd0ab9c8674c1d8bee2a1b299ee0731c"},
    {file = "freetype_py-2.1.0.post1-py2.py3-none-manylinux1_i686.whl", hash = "sha256:be7a97a964a23d41d7eed4fc834b243871845115728ef41390b9efede588e854"},
    {file = "freetype_py-2.1.0.post1-py2.py3-none-manylinux1_x86_64.whl", hash = "sha256:84e9879bb5f87dc1eb5342230a13e7ea10f520aa06a4d1c7b298208bbac08110"},
    {file = "freetype_py-2.1.0.post1-py2.py3-none-win32.whl", hash = "sha256:d179759b245bb01f5603acd071aea99d97d993a28c4e71fdc4bd7530c49931f9"},
    {file = "freetype_py-2.1.0.post1-py2.py3-none-win_amd64.whl", hash = "sha256:eda77d57acdfe74d1cf3958b5fb5aaea21a2866f4e8d7632c06123d6014f9e0c"},
]
importlib-metadata = [
    {file = "importlib_metadata-1.6.0-py2.py3-none-any.whl", hash = "sha256:2a688cbaa90e0cc587f1df48bdc97a6eadccdcd9c35fb3f976a09e3b5016d90f"},
    {file = "importlib_metadata-1.6.0.tar.gz", hash = "sha256:34513a8a0c4962bc66d35b359558fd8a5e10cd472d37aec5f66858addef32c1e"},
]
more-itertools = [
    {file = "more-itertools-8.2.0.tar.gz", hash = "sha256:b1ddb932186d8a6ac451e1d95844b382f55e12686d51ca0c68b6f61f2ab7a507"},
    {file = "more_itertools-8.2.0-py3-none-any.whl", hash = "sha256:5dd8bcf33e5f9513ffa06d5ad33d78f31e1931ac9a18f33d37e77a180d393a7c"},
]
noise = [
    {file = "noise-1.2.2-cp27-none-win32.whl", hash = "sha256:f7ef26a4c334224e7763e740fc945c26c0abf9ba51a19d4f5befa1d20d7da0b7"},
    {file = "noise-1.2.2-cp27-none-win_amd64.whl", hash = "sha256:15582a58c9ee79b07436a1220bd6c4145266865262d1e6478d37a08b7d910da8"},
    {file = "noise-1.2.2-cp33-none-win32.whl", hash = "sha256:93ac2977cf0e8f5cb90a2e828a5dfefc438bfb1fb8d7fd1ee305f05eadc8578e"},
    {file = "noise-1.2.2-cp33-none-win_amd64.whl", hash = "sha256:20d1c89a2b8c3714abe5a5fa653b3ab9ab01aee1475993b8bdb9d5e26bc081cc"},
    {file = "noise-1.2.2-cp34-none-win32.whl", hash = "sha256:f82933563ef89651865cc7cbfab11721a2229f5c6c8c009a041be4fb887949f2"},
    {file = "noise-1.2.2-cp34-none-win_amd64.whl", hash = "sha256:065be3531a6b7a7dfcb6840646400a75e081511c524caa04feaea11e16e7ab24"},
    {file = "noise-1.2.2-py2.7-win-amd64.egg", hash = "sha256:fae41762d6b7a0a1e360ec4cb03260b6abcc302b2244a3feefdfbf52ffd612c9"},
    {file = "noise-1.2.2-py2.7-win32.egg", hash = "sha256:0d3c51b538dfbbea85cbcf9fc4418ae5210136f5e39948968392a6d4f3cd39b0"},
    {file = "noise-1.2.2-py3.3-win-amd64.egg", hash = "sha256:0191e19e77be1018f5548e75125de1c6aec11a75a8693bb5f8f8106b63561ed8"},
    {file = "noise-1.2.2-py3.3-win32.egg", hash = "sha256:a15336cea59c74f1b3b2bf03b76600a3d59b0e557da1219176b9ca216dca8a91"},
    {file = "noise-1.2.2-py3.4-win-amd64.egg", hash = "sha256:a476b2b62efa56b777c5a04566930aa47cfda43eda0e744a39b55056e763064f"},
    {file = "noise-1.2.2-py3.4-win32.egg", hash = "sha256:001782e0b67c260e734e48a409641707f502ee4cd186a74e6bda881fb3c44427"},
    {file = "noise-1.2.2.tar.gz", hash = "sha256:57a2797436574391ff63a111e852e53a4164ecd81ad23639641743cd1a209b65"},
    {file = "noise-1.2.2.zip", hash = "sha256:36036cdaca131ddd2ab4397fba649af7f074ec08031e1e0a51031d0ae23b509a"},
]
pathtools = [
    {file = "pathtools-0.1.2.tar.gz", hash = "sha256:7c35c5421a39bb82e58018febd90e3b6e5db34c5443aaaf742b3f33d4655f1c0"},
]
pluggy = [
    {file = "pluggy-0.13.1-py2.py3-none-any.whl", hash = "sha256:966c145cd83c96502c3c3868f50408687b38434af77734af1e9ca461a4081d2d"},
    {file = "pluggy-0.13.1.tar.gz", hash = "sha256:15b2acde666561e1298d71b523007ed7364de07029219b604cf808bfa1c765b0"},
]
py = [
    {file = "py-1.8.1-py2.py3-none-any.whl", hash = "sha256:c20fdd83a5dbc0af9efd622bee9a5564e278f6380fffcacc43ba6f43db2813b0"},
    {file = "py-1.8.1.tar.gz", hash = "sha256:5e27081401262157467ad6e7f851b7aa402c5852dbcb3dae06768434de5752aa"},
]
pyclipper = [
    {file = "pyclipper-1.1.0.post3-cp27-cp27m-macosx_10_6_intel.whl", hash = "sha256:6bac42c6fe457065ecb6e8c6e145497d28aaa32d60b8f3be62453e96c0791c81"},
    {file = "pyclipper-1.1.0.post3-cp27-cp27m-manylinux1_i686.whl", hash = "sha256:41a057cb5009bcdd1278c71d3337eaef46c8ac952d099e7ea7c3a65fad0b6b5f"},
    {file = "pyclipper-1.1.0.post3-cp27-cp27m-manylinux1_x86_64.whl", hash = "sha256:c7972d4a0558fa09bc311b5a1169392e7549e13a777d193544c02b56ee299042"},
    {file = "pyclipper-1.1.0.post3-cp27-cp27m-win32.whl", hash = "sha256:de8602dd431ee7e9302794e5b9e3f6ed3725972787229593445d75aa5f48879c"},
    {file = "pyclipper-1.1.0.post3-cp27-cp27m-win_amd64.whl", hash = "sha256:541ccf717eb6f6386dc6fd0086eaf50dae919c1f9ff697dc3f9c7047bfbd4ed6"},
    {file = "pyclipper-1.1.0.post3-cp27-cp27mu-manylinux1_i686.whl", hash = "sha256:506903b7e0f2f81640354d18be9a5c727872189ad53864b12a9bcc4a75f5ad5d"},
    {file = "pyclipper-1.1.0.post3-cp27-cp27mu-manylinux1_x86_64.whl", hash = "sha256:b7a1cd015d8534ffe15ca8496cf82722b581d386cbdadf2690a8deff319d9df6"},
    {file = "pyclipper-1.1.0.post3-cp35-cp35m-macosx_10_6_intel.whl", hash = "sha256:c4de6b8301bf865599009b185f8245436f3e885626478b9b4a22ba8cf8d426a9"},
    {file = "pyclipper-1.1.0.post3-cp35-cp35m-manylinux1_i686.whl", hash = "sha256:9d848cc28229d1a35229801b3a9a184b0f968d5c6185d8a1a4406bb6a3a7659b"},
    {file = "pyclipper-1.1.0.post3-cp35-cp35m-manylinux1_x86_64.whl", hash = "sha256:55c6efaa83ffd0164c74486e6840fb37c4c3c9478508c44283b8dfb1c861c9c1"},
    {file = "pyclipper-1.1.0.post3-cp35-cp35m-win32.whl", hash = "sha256:81b2498d2aa96791a51cbd596ea537cbbaae386ee2ab3d2d66cdd99920d374f6"},
    {file = "pyclipper-1.1.0.post3-cp35-cp35m-win_amd64.whl", hash = "sha256:a8fee90673916c89855ffcea433091f3aa8c77c0f1fa501f5f8b8fd3a4648de2"},
    {file = "pyclipper-1.1.0.post3-cp36-cp36m-macosx_10_6_intel.whl", hash = "sha256:b1d5a713e7e890609e4d296b3969d13068a012345434973dcfd4bc6dafede162"},
    {file = "pyclipper-1.1.0.post3-cp36-cp36m-manylinux1_i686.whl", hash = "sha256:1bbb48c7846e24e034c7ef0f44a17ad06f7f8809ac1a54baa341bdb68ad424e4"},
    {file = "pyclipper-1.1.0.post3-cp36-cp36m-manylinux1_x86_64.whl", hash = "sha256:9a76e9b40b9ffe854a3f07d8daa4025d1fd19776d6263ada1ce434072eca512f"},
    {file = "pyclipper-1.1.0.post3-cp36-cp36m-win32.whl", hash = "sha256:99824a4921f970ebbe12cdbcaaa4a74dea1e1293c25b8d09209e58b80dbd8b54"},
    {file = "pyclipper-1.1.0.post3-cp36-cp36m-win_amd64.whl", hash = "sha256:a0d04faf5dc8a66b136e98bfae0c76641257c07a35c49e4f29cde555db17f45f"},
    {file = "pyclipper-1.1.0.post3-cp37-cp37m-macosx_10_6_intel.whl", hash = "sha256:a235a01df05eecedfa2b7ee126fb07f9369bc9aa0c67d55a6a8a88585585be40"},
    {file = "pyclipper-1.1.0.post3-cp37-cp37m-manylinux1_i686.whl", hash = "sha256:a868d83afd7018331d614bc393765f6ba20ba4acbebd1bd65983b2d5a9934255"},
    {file = "pyclipper-1.1.0.post3-cp37-cp37m-manylinux1_x86_64.whl", hash = "sha256:ad9d3775b646e227ce8f6e4c9fc2cb9b54cf66cd0b3ee654b804d41e1d422cbb"},
    {file = "pyclipper-1.1.0.post3-cp37-cp37m-win32.whl", hash = "sha256:adf09f440486c521a248acecaee07d645a4a550b1d346377971108e9d9b87f3f"},
    {file = "pyclipper-1.1.0.post3-cp37-cp37m-win_amd64.whl", hash = "sha256:0ed486597d318927e975bc6f928763ceb04d6aaf13a094382303722c61ce94cd"},
    {file = "pyclipper-1.1.0.post3-cp38-cp38-macosx_10_9_x86_64.whl", hash = "sha256:b91cbead0aa45dfabacdf7cac9c86b6fd4df975c0bf5aa8ccbba95621d25925a"},
    {file = "pyclipper-1.1.0.post3-cp38-cp38-manylinux1_i686.whl", hash = "sha256:b546dcde2eb22f038a2c3f4774d6ad7c9cf6e77335db280025077241191ea2c7"},
    {file = "pyclipper-1.1.0.post3-cp38-cp38-manylinux1_x86_64.whl", hash = "sha256:b841e93cca0f46adf677fafb8f1b022711a9367c46ad8dacf489d9a7e573b808"},
    {file = "pyclipper-1.1.0.post3-cp38-cp38-win32.whl", hash = "sha256:ebc15042d74e01e47fcfcaa4a7fc7c38b3b9b755250215e6e3c71c6eb485f400"},
    {file = "pyclipper-1.1.0.post3-cp38-cp38-win_amd64.whl", hash = "sha256:96b6a6af0e1e511f5216e0e491448a29802354ce55f572310d15b1936c832d01"},
    {file = "pyclipper-1.1.0.post3.zip", hash = "sha256:f1acd74bdb8c114fea2eab0bcf76460d1ef4b4120953e410fc7c638eb79e9e98"},
]
pytest = [
    {file = "pytest-3.10.1-py2.py3-none-any.whl", hash = "sha256:3f193df1cfe1d1609d4c583838bea3d532b18d6160fd3f55c9447fdca30848ec"},
    {file = "pytest-3.10.1.tar.gz", hash = "sha256:e246cf173c01169b9617fc07264b7b1316e78d7a650055235d6d897bc80d9660"},
]
six = [
    {file = "six-1.14.0-py2.py3-none-any.whl", hash = "sha256:8f3cd2e254d8f793e7f3d6d9df77b92252b52637291d0f0da013c76ea2724b6c"},
    {file = "six-1.14.0.tar.gz", hash = "sha256:236bdbdce46e6e6a3d61a337c0f8b763ca1e8717c03b369e87a7ec7ce1319c0a"},
]
skia-pathops = [
    {file = "skia-pathops-0.4.0.zip", hash = "sha256:cef6a6a263c8fa8f1149be7888ec41db1fa927caec6e7db5845c5e8560347987"},
    {file = "skia_pathops-0.4.0-cp36-cp36m-macosx_10_9_x86_64.whl", hash = "sha256:843297441a94531c774a62da954b069022b363d459a53dd0fbb632deff5aebb9"},
    {file = "skia_pathops-0.4.0-cp36-cp36m-manylinux2014_x86_64.whl", hash = "sha256:373026782a303b996f7a15729a5f8bba52f105199ada5f3319cc1c26ce591a44"},
    {file = "skia_pathops-0.4.0-cp36-cp36m-win32.whl", hash = "sha256:a4f704be980ff66bba54c9371ff64c4b2bbafb4c0cabcb9d579da547a2b1e02f"},
    {file = "skia_pathops-0.4.0-cp36-cp36m-win_amd64.whl", hash = "sha256:8bd5773799946f6e53bf5646a97290bebef8c6465e01dd97804d233d66e8912c"},
    {file = "skia_pathops-0.4.0-cp37-cp37m-macosx_10_9_x86_64.whl", hash = "sha256:c654c2d9b4ef48fa5edd72fc671c560d71266b275d953d2bcff2b003d9480c53"},
    {file = "skia_pathops-0.4.0-cp37-cp37m-manylinux2014_x86_64.whl", hash = "sha256:5edd2f7314e08303700f1cc72cb4d1cd697d7876711a4658e5e4cbf4ca67f963"},
    {file = "skia_pathops-0.4.0-cp37-cp37m-win32.whl", hash = "sha256:6ea9439cc9180a63ac01f220789c172c1d0350f04c0ba94ff257aa36e6e04fb0"},
    {file = "skia_pathops-0.4.0-cp37-cp37m-win_amd64.whl", hash = "sha256:f81194127b231d18e80295080c3bf2bbc75cc7335080d56bc4cdb1a09d366a2c"},
    {file = "skia_pathops-0.4.0-cp38-cp38-macosx_10_9_x86_64.whl", hash = "sha256:a268303aa906521e118dfef89c49a5e1b183d50b6ff000765b845363e2566bc0"},
    {file = "skia_pathops-0.4.0-cp38-cp38-manylinux2014_x86_64.whl", hash = "sha256:3c657bc67283b03eecf33490badf9daf48d674666f3529fc8a42d2a68326cade"},
    {file = "skia_pathops-0.4.0-cp38-cp38-win32.whl", hash = "sha256:62e2cc15eea73b5bcb881565cef71d4fb0a5a4f6baae8140e644b526148b97b4"},
    {file = "skia_pathops-0.4.0-cp38-cp38-win_amd64.whl", hash = "sha256:4e6f5a092b66c6d230f4137dc44cb601fa6fea86b550a0153cd6dc8001afd784"},
]
uharfbuzz = [
    {file = "uharfbuzz-0.9.1-cp36-cp36m-macosx_10_9_x86_64.whl", hash = "sha256:2838892cf54d546176527cb435def71353003e2c8be96e8f9d1900332c20bdd3"},
    {file = "uharfbuzz-0.9.1-cp36-cp36m-manylinux1_x86_64.whl", hash = "sha256:362f7d4e9e2c69871b141a9f062c3641ef638583bda0ae6b6cbcc1d49c2630c2"},
    {file = "uharfbuzz-0.9.1-cp36-cp36m-manylinux2010_x86_64.whl", hash = "sha256:d5e736142b9a6efed052e37f42bc93360e8fb12f36cd64905156fe26ac44d592"},
    {file = "uharfbuzz-0.9.1-cp36-cp36m-win32.whl", hash = "sha256:67e7f25e503198b6a51b207799ca610129ea057995bf36c983cee64b5fa302ac"},
    {file = "uharfbuzz-0.9.1-cp36-cp36m-win_amd64.whl", hash = "sha256:ff182f7e87e8f0e9c5f3259b2506e03cd457ddf974ecfc9133ce35a67ba4e11e"},
    {file = "uharfbuzz-0.9.1-cp37-cp37m-macosx_10_9_x86_64.whl", hash = "sha256:428e741ec0292924f16cb51cc34b56af7a839efaa86234e11c4095315a2aa004"},
    {file = "uharfbuzz-0.9.1-cp37-cp37m-manylinux1_x86_64.whl", hash = "sha256:8636ce2638b1dc32fd90fca20c9f86a39085c69f4cb2218df3c8c2c0b334ed94"},
    {file = "uharfbuzz-0.9.1-cp37-cp37m-manylinux2010_x86_64.whl", hash = "sha256:91c6e53d32daa321843ab1de354a046c45190f6612a08a96f0ac3954104e46c3"},
    {file = "uharfbuzz-0.9.1-cp37-cp37m-win32.whl", hash = "sha256:ad852be16c96e499fd03aede7fb0b96c59c325adf490d49ea7687ee8a392dbc5"},
    {file = "uharfbuzz-0.9.1-cp37-cp37m-win_amd64.whl", hash = "sha256:7dd0183bed097edef096e1fa8eee8db10a1f80edceea5a8da0592b861281a496"},
    {file = "uharfbuzz-0.9.1-cp38-cp38-macosx_10_9_x86_64.whl", hash = "sha256:f33a82f32456cfc45f4e4dd4b3d6bd2d4f214cf59a635f70e2ab707cf115ca7c"},
    {file = "uharfbuzz-0.9.1-cp38-cp38-manylinux1_x86_64.whl", hash = "sha256:9b62eefb8429833bda45ea42cdcb1538b6dd7ef5324b3e1f0c49b5b3ca29f857"},
    {file = "uharfbuzz-0.9.1-cp38-cp38-manylinux2010_x86_64.whl", hash = "sha256:3aa5715e0527554fb133997563598d47f947e6fa3c882e2cbcac93ad1329894c"},
    {file = "uharfbuzz-0.9.1-cp38-cp38-win32.whl", hash = "sha256:3090fc5101618195db9f85c8fcb981357c436859200eb440c821dd80593ed406"},
    {file = "uharfbuzz-0.9.1-cp38-cp38-win_amd64.whl", hash = "sha256:1734922f6259559c804b46799d97bad85c6be483d4edb2aad2075ec85e4fae2b"},
    {file = "uharfbuzz-0.9.1.zip", hash = "sha256:55914dc683b21cd0b0dc8f54c4d30b501d2ba663fdfffb31c17c6c645b83b7a0"},
]
unicodedata2 = [
    {file = "unicodedata2-13.0.0.post2-cp27-cp27m-macosx_10_9_x86_64.whl", hash = "sha256:95173328ee8010f30bcfad6e69f47bc22256049e276bff29d28d8a52e65e0e70"},
    {file = "unicodedata2-13.0.0.post2-cp27-cp27m-manylinux1_i686.whl", hash = "sha256:f60ab375275073a8328f21e1bac0bf3b17956aff910c1f868befbbf78c3cd02f"},
    {file = "unicodedata2-13.0.0.post2-cp27-cp27m-manylinux1_x86_64.whl", hash = "sha256:741919f9f1794bb89934598167b85934bccb50900e246b3af8805570e816215d"},
    {file = "unicodedata2-13.0.0.post2-cp27-cp27m-win32.whl", hash = "sha256:6fd926c8a3d0ab4b8f36c94df9a8540cb8a77221c8936a2f546483fbdf38b3e5"},
    {file = "unicodedata2-13.0.0.post2-cp27-cp27m-win_amd64.whl", hash = "sha256:ba94e331ad771093bedd8341186d2f909dd7c8328dd99c15dc8f6d5730b38ab3"},
    {file = "unicodedata2-13.0.0.post2-cp27-cp27mu-manylinux1_i686.whl", hash = "sha256:084186dfe2b7284d3e78d7120efde6df995f0ec9dea225bc70dafe103601a931"},
    {file = "unicodedata2-13.0.0.post2-cp27-cp27mu-manylinux1_x86_64.whl", hash = "sha256:14ce249af737e35bd7973d178b69a8ff4794841beca1b620dae1b6c22dd2f9d2"},
    {file = "unicodedata2-13.0.0.post2-cp35-cp35m-macosx_10_6_intel.whl", hash = "sha256:e5b992e4db51488a9756718f29cdad025cd2b7f6694d49524eca9723b21d000a"},
    {file = "unicodedata2-13.0.0.post2-cp35-cp35m-manylinux1_i686.whl", hash = "sha256:abecf04a0cc2c72d48173ddfc3dadf9397d64ce9724a08b0f052920707a5a9ec"},
    {file = "unicodedata2-13.0.0.post2-cp35-cp35m-manylinux1_x86_64.whl", hash = "sha256:e3561d2a1ab55882723b78d9f91b7f98e708bfe3587982e67813947051db3502"},
    {file = "unicodedata2-13.0.0.post2-cp35-cp35m-win32.whl", hash = "sha256:102a9610e0947e125772ab228059c7e919b35237d6888a5fcdfbbb732a8e6a58"},
    {file = "unicodedata2-13.0.0.post2-cp35-cp35m-win_amd64.whl", hash = "sha256:a5e1ad768e8366b882b0bc3c7b06f48c14df6d3e75c25baccf7af11655e4d742"},
    {file = "unicodedata2-13.0.0.post2-cp36-cp36m-macosx_10_9_x86_64.whl", hash = "sha256:3600d241a189e543be50412ce53e02db3120d8cae4c3add38a6cc443e853903a"},
    {file = "unicodedata2-13.0.0.post2-cp36-cp36m-manylinux1_i686.whl", hash = "sha256:147e9b3f9363d774e79ec11c5cb8d1bc4bc6043b7c98ed82656fcd6c95e26a7f"},
    {file = "unicodedata2-13.0.0.post2-cp36-cp36m-manylinux1_x86_64.whl", hash = "sha256:26ad36d7a1c6ab652d66e29e844b4d2afd71c718d37a85140bba64b228eb3adc"},
    {file = "unicodedata2-13.0.0.post2-cp36-cp36m-win32.whl", hash = "sha256:08bed68570fe665f3627056cd7efc8d45f682d1ad442361f5e6caf2ed1c177ba"},
    {file = "unicodedata2-13.0.0.post2-cp36-cp36m-win_amd64.whl", hash = "sha256:db2c63a214720caead3a8eba87b593558e0cb7dddbafaaa0a5d91f98553e8aad"},
    {file = "unicodedata2-13.0.0.post2-cp37-cp37m-macosx_10_9_x86_64.whl", hash = "sha256:cca8965804c9765a22f2bc7241a944cd58539c0b8d92f7933ec1cfc44804067a"},
    {file = "unicodedata2-13.0.0.post2-cp37-cp37m-manylinux1_i686.whl", hash = "sha256:97aaa94497a6fcdc75f7afcc35eccd5061467298b600f473304582f32e27e30f"},
    {file = "unicodedata2-13.0.0.post2-cp37-cp37m-manylinux1_x86_64.whl", hash = "sha256:4d2aed77b06c1b6e74a15c0d56c3af7d16072e4abf4dbe55635e7a7ceb123e88"},
    {file = "unicodedata2-13.0.0.post2-cp37-cp37m-win32.whl", hash = "sha256:da52826de69076a277d5460ee36d95db7cc1a12d4f2ffb45807dcaf0488094d9"},
    {file = "unicodedata2-13.0.0.post2-cp37-cp37m-win_amd64.whl", hash = "sha256:92b5cc2ed195f03cf2fac1226cbc825f2df9f0cf2fc8b6f13d1292251bf6f6d6"},
    {file = "unicodedata2-13.0.0.post2-cp38-cp38-macosx_10_9_x86_64.whl", hash = "sha256:35c1eb9de478b72164e062c7cb67e7594e829fc7ff718cb5b125e6240257291a"},
    {file = "unicodedata2-13.0.0.post2-cp38-cp38-manylinux1_x86_64.whl", hash = "sha256:d4e3312b6c7b98516a52243023d6c74c986cd6ce2bcad65bfa895a2b0c905426"},
    {file = "unicodedata2-13.0.0.post2-cp38-cp38-win32.whl", hash = "sha256:7ff3da0536bc9e447abbe702b8032b4469f6e9726ed66527eb9656b9a90f376c"},
    {file = "unicodedata2-13.0.0.post2-cp38-cp38-win_amd64.whl", hash = "sha256:8c9a60d73d7baea980dc45d23e8a33d7734e94e2c8712ed68b46849e88683726"},
    {file = "unicodedata2-13.0.0.post2.tar.gz", hash = "sha256:a83e504fb0e8ed4757194e61c3f7b69fb3c914856057bea968d0950f80f947fa"},
]
watchdog = [
    {file = "watchdog-0.10.2.tar.gz", hash = "sha256:c560efb643faed5ef28784b2245cf8874f939569717a4a12826a173ac644456b"},
]
websockets = [
    {file = "websockets-8.1-cp36-cp36m-macosx_10_6_intel.whl", hash = "sha256:3762791ab8b38948f0c4d281c8b2ddfa99b7e510e46bd8dfa942a5fff621068c"},
    {file = "websockets-8.1-cp36-cp36m-manylinux1_i686.whl", hash = "sha256:3db87421956f1b0779a7564915875ba774295cc86e81bc671631379371af1170"},
    {file = "websockets-8.1-cp36-cp36m-manylinux1_x86_64.whl", hash = "sha256:4f9f7d28ce1d8f1295717c2c25b732c2bc0645db3215cf757551c392177d7cb8"},
    {file = "websockets-8.1-cp36-cp36m-manylinux2010_i686.whl", hash = "sha256:295359a2cc78736737dd88c343cd0747546b2174b5e1adc223824bcaf3e164cb"},
    {file = "websockets-8.1-cp36-cp36m-manylinux2010_x86_64.whl", hash = "sha256:1d3f1bf059d04a4e0eb4985a887d49195e15ebabc42364f4eb564b1d065793f5"},
    {file = "websockets-8.1-cp36-cp36m-win32.whl", hash = "sha256:2db62a9142e88535038a6bcfea70ef9447696ea77891aebb730a333a51ed559a"},
    {file = "websockets-8.1-cp36-cp36m-win_amd64.whl", hash = "sha256:0e4fb4de42701340bd2353bb2eee45314651caa6ccee80dbd5f5d5978888fed5"},
    {file = "websockets-8.1-cp37-cp37m-macosx_10_6_intel.whl", hash = "sha256:9b248ba3dd8a03b1a10b19efe7d4f7fa41d158fdaa95e2cf65af5a7b95a4f989"},
    {file = "websockets-8.1-cp37-cp37m-manylinux1_i686.whl", hash = "sha256:ce85b06a10fc65e6143518b96d3dca27b081a740bae261c2fb20375801a9d56d"},
    {file = "websockets-8.1-cp37-cp37m-manylinux1_x86_64.whl", hash = "sha256:965889d9f0e2a75edd81a07592d0ced54daa5b0785f57dc429c378edbcffe779"},
    {file = "websockets-8.1-cp37-cp37m-manylinux2010_i686.whl", hash = "sha256:751a556205d8245ff94aeef23546a1113b1dd4f6e4d102ded66c39b99c2ce6c8"},
    {file = "websockets-8.1-cp37-cp37m-manylinux2010_x86_64.whl", hash = "sha256:3ef56fcc7b1ff90de46ccd5a687bbd13a3180132268c4254fc0fa44ecf4fc422"},
    {file = "websockets-8.1-cp37-cp37m-win32.whl", hash = "sha256:7ff46d441db78241f4c6c27b3868c9ae71473fe03341340d2dfdbe8d79310acc"},
    {file = "websockets-8.1-cp37-cp37m-win_amd64.whl", hash = "sha256:20891f0dddade307ffddf593c733a3fdb6b83e6f9eef85908113e628fa5a8308"},
    {file = "websockets-8.1-cp38-cp38-macosx_10_9_x86_64.whl", hash = "sha256:c1ec8db4fac31850286b7cd3b9c0e1b944204668b8eb721674916d4e28744092"},
    {file = "websockets-8.1-cp38-cp38-manylinux1_i686.whl", hash = "sha256:5c01fd846263a75bc8a2b9542606927cfad57e7282965d96b93c387622487485"},
    {file = "websockets-8.1-cp38-cp38-manylinux1_x86_64.whl", hash = "sha256:9bef37ee224e104a413f0780e29adb3e514a5b698aabe0d969a6ba426b8435d1"},
    {file = "websockets-8.1-cp38-cp38-manylinux2010_i686.whl", hash = "sha256:d705f8aeecdf3262379644e4b55107a3b55860eb812b673b28d0fbc347a60c55"},
    {file = "websockets-8.1-cp38-cp38-manylinux2010_x86_64.whl", hash = "sha256:c8a116feafdb1f84607cb3b14aa1418424ae71fee131642fc568d21423b51824"},
    {file = "websockets-8.1-cp38-cp38-win32.whl", hash = "sha256:e898a0863421650f0bebac8ba40840fc02258ef4714cb7e1fd76b6a6354bda36"},
    {file = "websockets-8.1-cp38-cp38-win_amd64.whl", hash = "sha256:f8a7bff6e8664afc4e6c28b983845c5bc14965030e3fb98789734d416af77c4b"},
    {file = "websockets-8.1.tar.gz", hash = "sha256:5c65d2da8c6bce0fca2528f69f44b2f977e06954c8512a952222cea50dad430f"},
]
zipp = [
    {file = "zipp-3.1.0-py3-none-any.whl", hash = "sha256:aa36550ff0c0b7ef7fa639055d797116ee891440eac1a56f378e2d3179e0320b"},
    {file = "zipp-3.1.0.tar.gz", hash = "sha256:c599e4d75c98f6798c509911d08a22e6c021d074469042177c8c86fb92eefd96"},
]
